
Microsoft Visual Studio Solution File, Format Version 12.00
# Visual Studio 15
VisualStudioVersion = 15.0.28307.572
MinimumVisualStudioVersion = 10.0.40219.1
Project("{9A19103F-16F7-4668-BE54-9A1E7A4F7556}") = "User.Core.Api", "User.Core.Api\User.Core.Api.csproj", "{2D6F7B6B-0820-4A0D-934B-64ECD39E621F}"
EndProject
Project("{2150E333-8FDC-42A3-9474-1A3956D46DE8}") = "Tests", "Tests", "{566DDBF3-3EDD-47DC-9CC5-2C1F303B6072}"
EndProject
Project("{FAE04EC0-301F-11D3-BF4B-00C04F79EFBC}") = "User.Api.UnitTest", "User.Api.UnitTest\User.Api.UnitTest.csproj", "{29B883F6-84DF-4D24-BC73-DEF961809CF3}"
EndProject
Global
	GlobalSection(SolutionConfigurationPlatforms) = preSolution
		Debug|Any CPU = Debug|Any CPU
		Release|Any CPU = Release|Any CPU
	EndGlobalSection
	GlobalSection(ProjectConfigurationPlatforms) = postSolution
		{2D6F7B6B-0820-4A0D-934B-64ECD39E621F}.Debug|Any CPU.ActiveCfg = Debug|Any CPU
		{2D6F7B6B-0820-4A0D-934B-64ECD39E621F}.Debug|Any CPU.Build.0 = Debug|Any CPU
		{2D6F7B6B-0820-4A0D-934B-64ECD39E621F}.Release|Any CPU.ActiveCfg = Release|Any CPU
		{2D6F7B6B-0820-4A0D-934B-64ECD39E621F}.Release|Any CPU.Build.0 = Release|Any CPU
		{29B883F6-84DF-4D24-BC73-DEF961809CF3}.Debug|Any CPU.ActiveCfg = Debug|Any CPU
		{29B883F6-84DF-4D24-BC73-DEF961809CF3}.Debug|Any CPU.Build.0 = Debug|Any CPU
		{29B883F6-84DF-4D24-BC73-DEF961809CF3}.Release|Any CPU.ActiveCfg = Release|Any CPU
		{29B883F6-84DF-4D24-BC73-DEF961809CF3}.Release|Any CPU.Build.0 = Release|Any CPU
	EndGlobalSection
	GlobalSection(SolutionProperties) = preSolution
		HideSolutionNode = FALSE
	EndGlobalSection
	GlobalSection(NestedProjects) = preSolution
		{29B883F6-84DF-4D24-BC73-DEF961809CF3} = {566DDBF3-3EDD-47DC-9CC5-2C1F303B6072}
	EndGlobalSection
	GlobalSection(ExtensibilityGlobals) = postSolution
		SolutionGuid = {39AC66D7-4A0C-400B-A90C-05DE4A5A0809}
	EndGlobalSection
EndGlobal
